
Microsoft Visual Studio Solution File, Format Version 12.00
# Visual Studio Version 16
VisualStudioVersion = 16.0.32002.261
MinimumVisualStudioVersion = 10.0.40219.1
Project("{FAE04EC0-301F-11D3-BF4B-00C04F79EFBC}") = "CookEasy.UWP", "CookEasy.UWP\CookEasy.UWP.csproj", "{FEFFFA2B-9951-414F-BC9F-EC82A33AB9E9}"
EndProject
Project("{FAE04EC0-301F-11D3-BF4B-00C04F79EFBC}") = "CookEasy.Android", "CookEasy.Android\CookEasy.Android.csproj", "{7A86E7A6-73CF-4436-85B7-9B33ADF405DA}"
EndProject
Project("{FAE04EC0-301F-11D3-BF4B-00C04F79EFBC}") = "CookEasy.iOS", "CookEasy.iOS\CookEasy.iOS.csproj", "{C86C65E9-FEA9-46F8-8F6C-9C1B35352B58}"
EndProject
Project("{FAE04EC0-301F-11D3-BF4B-00C04F79EFBC}") = "CookEasy", "CookEasy\CookEasy.csproj", "{B4199328-EDDF-4990-B5A2-639AE1661B31}"
EndProject
Global
	GlobalSection(SolutionConfigurationPlatforms) = preSolution
		Debug|Any CPU = Debug|Any CPU
		Debug|ARM = Debug|ARM
		Debug|iPhone = Debug|iPhone
		Debug|iPhoneSimulator = Debug|iPhoneSimulator
		Debug|x64 = Debug|x64
		Debug|x86 = Debug|x86
		Release|Any CPU = Release|Any CPU
		Release|ARM = Release|ARM
		Release|iPhone = Release|iPhone
		Release|iPhoneSimulator = Release|iPhoneSimulator
		Release|x64 = Release|x64
		Release|x86 = Release|x86
	EndGlobalSection
	GlobalSection(ProjectConfigurationPlatforms) = postSolution
		{FEFFFA2B-9951-414F-BC9F-EC82A33AB9E9}.Debug|Any CPU.ActiveCfg = Debug|x86
		{FEFFFA2B-9951-414F-BC9F-EC82A33AB9E9}.Debug|Any CPU.Build.0 = Debug|x86
		{FEFFFA2B-9951-414F-BC9F-EC82A33AB9E9}.Debug|Any CPU.Deploy.0 = Debug|x86
		{FEFFFA2B-9951-414F-BC9F-EC82A33AB9E9}.Debug|ARM.ActiveCfg = Debug|ARM
		{FEFFFA2B-9951-414F-BC9F-EC82A33AB9E9}.Debug|ARM.Build.0 = Debug|ARM
		{FEFFFA2B-9951-414F-BC9F-EC82A33AB9E9}.Debug|ARM.Deploy.0 = Debug|ARM
		{FEFFFA2B-9951-414F-BC9F-EC82A33AB9E9}.Debug|iPhone.ActiveCfg = Debug|x86
		{FEFFFA2B-9951-414F-BC9F-EC82A33AB9E9}.Debug|iPhone.Build.0 = Debug|x86
		{FEFFFA2B-9951-414F-BC9F-EC82A33AB9E9}.Debug|iPhone.Deploy.0 = Debug|x86
		{FEFFFA2B-9951-414F-BC9F-EC82A33AB9E9}.Debug|iPhoneSimulator.ActiveCfg = Debug|x86
		{FEFFFA2B-9951-414F-BC9F-EC82A33AB9E9}.Debug|iPhoneSimulator.Build.0 = Debug|x86
		{FEFFFA2B-9951-414F-BC9F-EC82A33AB9E9}.Debug|iPhoneSimulator.Deploy.0 = Debug|x86
		{FEFFFA2B-9951-414F-BC9F-EC82A33AB9E9}.Debug|x64.ActiveCfg = Debug|x64
		{FEFFFA2B-9951-414F-BC9F-EC82A33AB9E9}.Debug|x64.Build.0 = Debug|x64
		{FEFFFA2B-9951-414F-BC9F-EC82A33AB9E9}.Debug|x64.Deploy.0 = Debug|x64
		{FEFFFA2B-9951-414F-BC9F-EC82A33AB9E9}.Debug|x86.ActiveCfg = Debug|x86
		{FEFFFA2B-9951-414F-BC9F-EC82A33AB9E9}.Debug|x86.Build.0 = Debug|x86
		{FEFFFA2B-9951-414F-BC9F-EC82A33AB9E9}.Debug|x86.Deploy.0 = Debug|x86
		{FEFFFA2B-9951-414F-BC9F-EC82A33AB9E9}.Release|Any CPU.ActiveCfg = Release|x86
		{FEFFFA2B-9951-414F-BC9F-EC82A33AB9E9}.Release|Any CPU.Build.0 = Release|x86
		{FEFFFA2B-9951-414F-BC9F-EC82A33AB9E9}.Release|Any CPU.Deploy.0 = Release|x86
		{FEFFFA2B-9951-414F-BC9F-EC82A33AB9E9}.Release|ARM.ActiveCfg = Release|ARM
		{FEFFFA2B-9951-414F-BC9F-EC82A33AB9E9}.Release|ARM.Build.0 = Release|ARM
		{FEFFFA2B-9951-414F-BC9F-EC82A33AB9E9}.Release|ARM.Deploy.0 = Release|ARM
		{FEFFFA2B-9951-414F-BC9F-EC82A33AB9E9}.Release|iPhone.ActiveCfg = Release|x86
		{FEFFFA2B-9951-414F-BC9F-EC82A33AB9E9}.Release|iPhone.Build.0 = Release|x86
		{FEFFFA2B-9951-414F-BC9F-EC82A33AB9E9}.Release|iPhone.Deploy.0 = Release|x86
		{FEFFFA2B-9951-414F-BC9F-EC82A33AB9E9}.Release|iPhoneSimulator.ActiveCfg = Release|x86
		{FEFFFA2B-9951-414F-BC9F-EC82A33AB9E9}.Release|iPhoneSimulator.Build.0 = Release|x86
		{FEFFFA2B-9951-414F-BC9F-EC82A33AB9E9}.Release|iPhoneSimulator.Deploy.0 = Release|x86
		{FEFFFA2B-9951-414F-BC9F-EC82A33AB9E9}.Release|x64.ActiveCfg = Release|x64
		{FEFFFA2B-9951-414F-BC9F-EC82A33AB9E9}.Release|x64.Build.0 = Release|x64
		{FEFFFA2B-9951-414F-BC9F-EC82A33AB9E9}.Release|x64.Deploy.0 = Release|x64
		{FEFFFA2B-9951-414F-BC9F-EC82A33AB9E9}.Release|x86.ActiveCfg = Release|x86
		{FEFFFA2B-9951-414F-BC9F-EC82A33AB9E9}.Release|x86.Build.0 = Release|x86
		{FEFFFA2B-9951-414F-BC9F-EC82A33AB9E9}.Release|x86.Deploy.0 = Release|x86
		{7A86E7A6-73CF-4436-85B7-9B33ADF405DA}.Debug|Any CPU.ActiveCfg = Debug|Any CPU
		{7A86E7A6-73CF-4436-85B7-9B33ADF405DA}.Debug|Any CPU.Build.0 = Debug|Any CPU
		{7A86E7A6-73CF-4436-85B7-9B33ADF405DA}.Debug|Any CPU.Deploy.0 = Debug|Any CPU
		{7A86E7A6-73CF-4436-85B7-9B33ADF405DA}.Debug|ARM.ActiveCfg = Debug|Any CPU
		{7A86E7A6-73CF-4436-85B7-9B33ADF405DA}.Debug|ARM.Build.0 = Debug|Any CPU
		{7A86E7A6-73CF-4436-85B7-9B33ADF405DA}.Debug|ARM.Deploy.0 = Debug|Any CPU
		{7A86E7A6-73CF-4436-85B7-9B33ADF405DA}.Debug|iPhone.ActiveCfg = Debug|Any CPU
		{7A86E7A6-73CF-4436-85B7-9B33ADF405DA}.Debug|iPhone.Build.0 = Debug|Any CPU
		{7A86E7A6-73CF-4436-85B7-9B33ADF405DA}.Debug|iPhone.Deploy.0 = Debug|Any CPU
		{7A86E7A6-73CF-4436-85B7-9B33ADF405DA}.Debug|iPhoneSimulator.ActiveCfg = Debug|Any CPU
		{7A86E7A6-73CF-4436-85B7-9B33ADF405DA}.Debug|iPhoneSimulator.Build.0 = Debug|Any CPU
		{7A86E7A6-73CF-4436-85B7-9B33ADF405DA}.Debug|iPhoneSimulator.Deploy.0 = Debug|Any CPU
		{7A86E7A6-73CF-4436-85B7-9B33ADF405DA}.Debug|x64.ActiveCfg = Debug|Any CPU
		{7A86E7A6-73CF-4436-85B7-9B33ADF405DA}.Debug|x64.Build.0 = Debug|Any CPU
		{7A86E7A6-73CF-4436-85B7-9B33ADF405DA}.Debug|x64.Deploy.0 = Debug|Any CPU
		{7A86E7A6-73CF-4436-85B7-9B33ADF405DA}.Debug|x86.ActiveCfg = Debug|Any CPU
		{7A86E7A6-73CF-4436-85B7-9B33ADF405DA}.Debug|x86.Build.0 = Debug|Any CPU
		{7A86E7A6-73CF-4436-85B7-9B33ADF405DA}.Debug|x86.Deploy.0 = Debug|Any CPU
		{7A86E7A6-73CF-4436-85B7-9B33ADF405DA}.Release|Any CPU.ActiveCfg = Release|Any CPU
		{7A86E7A6-73CF-4436-85B7-9B33ADF405DA}.Release|Any CPU.Build.0 = Release|Any CPU
		{7A86E7A6-73CF-4436-85B7-9B33ADF405DA}.Release|Any CPU.Deploy.0 = Release|Any CPU
		{7A86E7A6-73CF-4436-85B7-9B33ADF405DA}.Release|ARM.ActiveCfg = Release|Any CPU
		{7A86E7A6-73CF-4436-85B7-9B33ADF405DA}.Release|ARM.Build.0 = Release|Any CPU
		{7A86E7A6-73CF-4436-85B7-9B33ADF405DA}.Release|ARM.Deploy.0 = Release|Any CPU
		{7A86E7A6-73CF-4436-85B7-9B33ADF405DA}.Release|iPhone.ActiveCfg = Release|Any CPU
		{7A86E7A6-73CF-4436-85B7-9B33ADF405DA}.Release|iPhone.Build.0 = Release|Any CPU
		{7A86E7A6-73CF-4436-85B7-9B33ADF405DA}.Release|iPhone.Deploy.0 = Release|Any CPU
		{7A86E7A6-73CF-4436-85B7-9B33ADF405DA}.Release|iPhoneSimulator.ActiveCfg = Release|Any CPU
		{7A86E7A6-73CF-4436-85B7-9B33ADF405DA}.Release|iPhoneSimulator.Build.0 = Release|Any CPU
		{7A86E7A6-73CF-4436-85B7-9B33ADF405DA}.Release|iPhoneSimulator.Deploy.0 = Release|Any CPU
		{7A86E7A6-73CF-4436-85B7-9B33ADF405DA}.Release|x64.ActiveCfg = Release|Any CPU
		{7A86E7A6-73CF-4436-85B7-9B33ADF405DA}.Release|x64.Build.0 = Release|Any CPU
		{7A86E7A6-73CF-4436-85B7-9B33ADF405DA}.Release|x64.Deploy.0 = Release|Any CPU
		{7A86E7A6-73CF-4436-85B7-9B33ADF405DA}.Release|x86.ActiveCfg = Release|Any CPU
		{7A86E7A6-73CF-4436-85B7-9B33ADF405DA}.Release|x86.Build.0 = Release|Any CPU
		{7A86E7A6-73CF-4436-85B7-9B33ADF405DA}.Release|x86.Deploy.0 = Release|Any CPU
		{C86C65E9-FEA9-46F8-8F6C-9C1B35352B58}.Debug|Any CPU.ActiveCfg = Debug|iPhoneSimulator
		{C86C65E9-FEA9-46F8-8F6C-9C1B35352B58}.Debug|Any CPU.Build.0 = Debug|iPhoneSimulator
		{C86C65E9-FEA9-46F8-8F6C-9C1B35352B58}.Debug|Any CPU.Deploy.0 = Debug|iPhoneSimulator
		{C86C65E9-FEA9-46F8-8F6C-9C1B35352B58}.Debug|ARM.ActiveCfg = Debug|iPhone
		{C86C65E9-FEA9-46F8-8F6C-9C1B35352B58}.Debug|ARM.Build.0 = Debug|iPhone
		{C86C65E9-FEA9-46F8-8F6C-9C1B35352B58}.Debug|ARM.Deploy.0 = Debug|iPhone
		{C86C65E9-FEA9-46F8-8F6C-9C1B35352B58}.Debug|iPhone.ActiveCfg = Debug|iPhone
		{C86C65E9-FEA9-46F8-8F6C-9C1B35352B58}.Debug|iPhone.Build.0 = Debug|iPhone
		{C86C65E9-FEA9-46F8-8F6C-9C1B35352B58}.Debug|iPhone.Deploy.0 = Debug|iPhone
		{C86C65E9-FEA9-46F8-8F6C-9C1B35352B58}.Debug|iPhoneSimulator.ActiveCfg = Debug|iPhoneSimulator
		{C86C65E9-FEA9-46F8-8F6C-9C1B35352B58}.Debug|iPhoneSimulator.Build.0 = Debug|iPhoneSimulator
		{C86C65E9-FEA9-46F8-8F6C-9C1B35352B58}.Debug|iPhoneSimulator.Deploy.0 = Debug|iPhoneSimulator
		{C86C65E9-FEA9-46F8-8F6C-9C1B35352B58}.Debug|x64.ActiveCfg = Debug|iPhoneSimulator
		{C86C65E9-FEA9-46F8-8F6C-9C1B35352B58}.Debug|x64.Build.0 = Debug|iPhoneSimulator
		{C86C65E9-FEA9-46F8-8F6C-9C1B35352B58}.Debug|x64.Deploy.0 = Debug|iPhoneSimulator
		{C86C65E9-FEA9-46F8-8F6C-9C1B35352B58}.Debug|x86.ActiveCfg = Debug|iPhoneSimulator
		{C86C65E9-FEA9-46F8-8F6C-9C1B35352B58}.Debug|x86.Build.0 = Debug|iPhoneSimulator
		{C86C65E9-FEA9-46F8-8F6C-9C1B35352B58}.Debug|x86.Deploy.0 = Debug|iPhoneSimulator
		{C86C65E9-FEA9-46F8-8F6C-9C1B35352B58}.Release|Any CPU.ActiveCfg = Release|iPhoneSimulator
		{C86C65E9-FEA9-46F8-8F6C-9C1B35352B58}.Release|Any CPU.Build.0 = Release|iPhoneSimulator
		{C86C65E9-FEA9-46F8-8F6C-9C1B35352B58}.Release|Any CPU.Deploy.0 = Release|iPhoneSimulator
		{C86C65E9-FEA9-46F8-8F6C-9C1B35352B58}.Release|ARM.ActiveCfg = Release|iPhoneSimulator
		{C86C65E9-FEA9-46F8-8F6C-9C1B35352B58}.Release|ARM.Build.0 = Release|iPhoneSimulator
		{C86C65E9-FEA9-46F8-8F6C-9C1B35352B58}.Release|ARM.Deploy.0 = Release|iPhoneSimulator
		{C86C65E9-FEA9-46F8-8F6C-9C1B35352B58}.Release|iPhone.ActiveCfg = Release|iPhone
		{C86C65E9-FEA9-46F8-8F6C-9C1B35352B58}.Release|iPhone.Build.0 = Release|iPhone
		{C86C65E9-FEA9-46F8-8F6C-9C1B35352B58}.Release|iPhone.Deploy.0 = Release|iPhone
		{C86C65E9-FEA9-46F8-8F6C-9C1B35352B58}.Release|iPhoneSimulator.ActiveCfg = Release|iPhoneSimulator
		{C86C65E9-FEA9-46F8-8F6C-9C1B35352B58}.Release|iPhoneSimulator.Build.0 = Release|iPhoneSimulator
		{C86C65E9-FEA9-46F8-8F6C-9C1B35352B58}.Release|iPhoneSimulator.Deploy.0 = Release|iPhoneSimulator
		{C86C65E9-FEA9-46F8-8F6C-9C1B35352B58}.Release|x64.ActiveCfg = Release|iPhoneSimulator
		{C86C65E9-FEA9-46F8-8F6C-9C1B35352B58}.Release|x64.Build.0 = Release|iPhoneSimulator
		{C86C65E9-FEA9-46F8-8F6C-9C1B35352B58}.Release|x64.Deploy.0 = Release|iPhoneSimulator
		{C86C65E9-FEA9-46F8-8F6C-9C1B35352B58}.Release|x86.ActiveCfg = Release|iPhoneSimulator
		{C86C65E9-FEA9-46F8-8F6C-9C1B35352B58}.Release|x86.Build.0 = Release|iPhoneSimulator
		{C86C65E9-FEA9-46F8-8F6C-9C1B35352B58}.Release|x86.Deploy.0 = Release|iPhoneSimulator
		{B4199328-EDDF-4990-B5A2-639AE1661B31}.Debug|Any CPU.ActiveCfg = Debug|Any CPU
		{B4199328-EDDF-4990-B5A2-639AE1661B31}.Debug|Any CPU.Build.0 = Debug|Any CPU
		{B4199328-EDDF-4990-B5A2-639AE1661B31}.Debug|Any CPU.Deploy.0 = Debug|Any CPU
		{B4199328-EDDF-4990-B5A2-639AE1661B31}.Debug|ARM.ActiveCfg = Debug|Any CPU
		{B4199328-EDDF-4990-B5A2-639AE1661B31}.Debug|ARM.Build.0 = Debug|Any CPU
		{B4199328-EDDF-4990-B5A2-639AE1661B31}.Debug|ARM.Deploy.0 = Debug|Any CPU
		{B4199328-EDDF-4990-B5A2-639AE1661B31}.Debug|iPhone.ActiveCfg = Debug|Any CPU
		{B4199328-EDDF-4990-B5A2-639AE1661B31}.Debug|iPhone.Build.0 = Debug|Any CPU
		{B4199328-EDDF-4990-B5A2-639AE1661B31}.Debug|iPhone.Deploy.0 = Debug|Any CPU
		{B4199328-EDDF-4990-B5A2-639AE1661B31}.Debug|iPhoneSimulator.ActiveCfg = Debug|Any CPU
		{B4199328-EDDF-4990-B5A2-639AE1661B31}.Debug|iPhoneSimulator.Build.0 = Debug|Any CPU
		{B4199328-EDDF-4990-B5A2-639AE1661B31}.Debug|iPhoneSimulator.Deploy.0 = Debug|Any CPU
		{B4199328-EDDF-4990-B5A2-639AE1661B31}.Debug|x64.ActiveCfg = Debug|Any CPU
		{B4199328-EDDF-4990-B5A2-639AE1661B31}.Debug|x64.Build.0 = Debug|Any CPU
		{B4199328-EDDF-4990-B5A2-639AE1661B31}.Debug|x64.Deploy.0 = Debug|Any CPU
		{B4199328-EDDF-4990-B5A2-639AE1661B31}.Debug|x86.ActiveCfg = Debug|Any CPU
		{B4199328-EDDF-4990-B5A2-639AE1661B31}.Debug|x86.Build.0 = Debug|Any CPU
		{B4199328-EDDF-4990-B5A2-639AE1661B31}.Debug|x86.Deploy.0 = Debug|Any CPU
		{B4199328-EDDF-4990-B5A2-639AE1661B31}.Release|Any CPU.ActiveCfg = Release|Any CPU
		{B4199328-EDDF-4990-B5A2-639AE1661B31}.Release|Any CPU.Build.0 = Release|Any CPU
		{B4199328-EDDF-4990-B5A2-639AE1661B31}.Release|Any CPU.Deploy.0 = Release|Any CPU
		{B4199328-EDDF-4990-B5A2-639AE1661B31}.Release|ARM.ActiveCfg = Release|Any CPU
		{B4199328-EDDF-4990-B5A2-639AE1661B31}.Release|ARM.Build.0 = Release|Any CPU
		{B4199328-EDDF-4990-B5A2-639AE1661B31}.Release|ARM.Deploy.0 = Release|Any CPU
		{B4199328-EDDF-4990-B5A2-639AE1661B31}.Release|iPhone.ActiveCfg = Release|Any CPU
		{B4199328-EDDF-4990-B5A2-639AE1661B31}.Release|iPhone.Build.0 = Release|Any CPU
		{B4199328-EDDF-4990-B5A2-639AE1661B31}.Release|iPhone.Deploy.0 = Release|Any CPU
		{B4199328-EDDF-4990-B5A2-639AE1661B31}.Release|iPhoneSimulator.ActiveCfg = Release|Any CPU
		{B4199328-EDDF-4990-B5A2-639AE1661B31}.Release|iPhoneSimulator.Build.0 = Release|Any CPU
		{B4199328-EDDF-4990-B5A2-639AE1661B31}.Release|iPhoneSimulator.Deploy.0 = Release|Any CPU
		{B4199328-EDDF-4990-B5A2-639AE1661B31}.Release|x64.ActiveCfg = Release|Any CPU
		{B4199328-EDDF-4990-B5A2-639AE1661B31}.Release|x64.Build.0 = Release|Any CPU
		{B4199328-EDDF-4990-B5A2-639AE1661B31}.Release|x64.Deploy.0 = Release|Any CPU
		{B4199328-EDDF-4990-B5A2-639AE1661B31}.Release|x86.ActiveCfg = Release|Any CPU
		{B4199328-EDDF-4990-B5A2-639AE1661B31}.Release|x86.Build.0 = Release|Any CPU
		{B4199328-EDDF-4990-B5A2-639AE1661B31}.Release|x86.Deploy.0 = Release|Any CPU
	EndGlobalSection
	GlobalSection(SolutionProperties) = preSolution
		HideSolutionNode = FALSE
	EndGlobalSection
	GlobalSection(ExtensibilityGlobals) = postSolution
		SolutionGuid = {8E9B7690-5598-4E9E-93D0-5A585EFEB153}
	EndGlobalSection
EndGlobal
